
Microsoft Visual Studio Solution File, Format Version 12.00
# Visual Studio Version 17
VisualStudioVersion = 17.5.33414.496
MinimumVisualStudioVersion = 10.0.40219.1
Project("{9A19103F-16F7-4668-BE54-9A1E7A4F7556}") = "Prism.Shell", "prisma\Prism.Shell.csproj", "{0DB0CEFC-BED8-4154-99F5-81C6E862E51E}"
EndProject
Project("{FAE04EC0-301F-11D3-BF4B-00C04F79EFBC}") = "Prisma.Core", "Prisma.Core\Prisma.Core.csproj", "{6CC3544E-A96B-478A-AAAE-12FDEC47A270}"
EndProject
Project("{2150E333-8FDC-42A3-9474-1A3956D46DE8}") = "Modules", "Modules", "{6973FE09-04E9-4927-BD61-75CE8F2DBA1D}"
EndProject
Project("{FAE04EC0-301F-11D3-BF4B-00C04F79EFBC}") = "ModelModule", "ModelModule\ModelModule.csproj", "{B719DC95-1B41-484D-A177-38CDF973EE54}"
EndProject
Global
	GlobalSection(SolutionConfigurationPlatforms) = preSolution
		Debug|Any CPU = Debug|Any CPU
		Release|Any CPU = Release|Any CPU
	EndGlobalSection
	GlobalSection(ProjectConfigurationPlatforms) = postSolution
		{0DB0CEFC-BED8-4154-99F5-81C6E862E51E}.Debug|Any CPU.ActiveCfg = Debug|Any CPU
		{0DB0CEFC-BED8-4154-99F5-81C6E862E51E}.Debug|Any CPU.Build.0 = Debug|Any CPU
		{0DB0CEFC-BED8-4154-99F5-81C6E862E51E}.Release|Any CPU.ActiveCfg = Release|Any CPU
		{0DB0CEFC-BED8-4154-99F5-81C6E862E51E}.Release|Any CPU.Build.0 = Release|Any CPU
		{6CC3544E-A96B-478A-AAAE-12FDEC47A270}.Debug|Any CPU.ActiveCfg = Debug|Any CPU
		{6CC3544E-A96B-478A-AAAE-12FDEC47A270}.Debug|Any CPU.Build.0 = Debug|Any CPU
		{6CC3544E-A96B-478A-AAAE-12FDEC47A270}.Release|Any CPU.ActiveCfg = Release|Any CPU
		{6CC3544E-A96B-478A-AAAE-12FDEC47A270}.Release|Any CPU.Build.0 = Release|Any CPU
		{B719DC95-1B41-484D-A177-38CDF973EE54}.Debug|Any CPU.ActiveCfg = Debug|Any CPU
		{B719DC95-1B41-484D-A177-38CDF973EE54}.Debug|Any CPU.Build.0 = Debug|Any CPU
		{B719DC95-1B41-484D-A177-38CDF973EE54}.Release|Any CPU.ActiveCfg = Release|Any CPU
		{B719DC95-1B41-484D-A177-38CDF973EE54}.Release|Any CPU.Build.0 = Release|Any CPU
	EndGlobalSection
	GlobalSection(SolutionProperties) = preSolution
		HideSolutionNode = FALSE
	EndGlobalSection
	GlobalSection(ExtensibilityGlobals) = postSolution
		SolutionGuid = {95D5EE5F-1365-4D7F-B4E3-8039CDAC998E}
	EndGlobalSection
	GlobalSection(NestedProjects) = preSolution
		{B719DC95-1B41-484D-A177-38CDF973EE54} = {6973FE09-04E9-4927-BD61-75CE8F2DBA1D}
	EndGlobalSection
EndGlobal
